
Microsoft Visual Studio Solution File, Format Version 12.00
# Visual Studio Version 17
VisualStudioVersion = 17.11.35327.3
MinimumVisualStudioVersion = 10.0.40219.1
Project("{FAE04EC0-301F-11D3-BF4B-00C04F79EFBC}") = "Metodos Ex", "Metodos Ex.csproj", "{5177CA6D-2F95-43A4-B6AF-CFC15E0E86A9}"
EndProject
Global
	GlobalSection(SolutionConfigurationPlatforms) = preSolution
		Debug|Any CPU = Debug|Any CPU
		Release|Any CPU = Release|Any CPU
	EndGlobalSection
	GlobalSection(ProjectConfigurationPlatforms) = postSolution
		{5177CA6D-2F95-43A4-B6AF-CFC15E0E86A9}.Debug|Any CPU.ActiveCfg = Debug|Any CPU
		{5177CA6D-2F95-43A4-B6AF-CFC15E0E86A9}.Debug|Any CPU.Build.0 = Debug|Any CPU
		{5177CA6D-2F95-43A4-B6AF-CFC15E0E86A9}.Release|Any CPU.ActiveCfg = Release|Any CPU
		{5177CA6D-2F95-43A4-B6AF-CFC15E0E86A9}.Release|Any CPU.Build.0 = Release|Any CPU
	EndGlobalSection
	GlobalSection(SolutionProperties) = preSolution
		HideSolutionNode = FALSE
	EndGlobalSection
	GlobalSection(ExtensibilityGlobals) = postSolution
		SolutionGuid = {E758B256-894C-43F7-944D-C9E715642615}
	EndGlobalSection
EndGlobal
