
Microsoft Visual Studio Solution File, Format Version 12.00
# Visual Studio Version 17
VisualStudioVersion = 17.11.35327.3
MinimumVisualStudioVersion = 10.0.40219.1
Project("{FAE04EC0-301F-11D3-BF4B-00C04F79EFBC}") = "EX011", "EX011.csproj", "{CED66705-95F5-4908-A0C9-069CE8006275}"
EndProject
Global
	GlobalSection(SolutionConfigurationPlatforms) = preSolution
		Debug|Any CPU = Debug|Any CPU
		Release|Any CPU = Release|Any CPU
	EndGlobalSection
	GlobalSection(ProjectConfigurationPlatforms) = postSolution
		{CED66705-95F5-4908-A0C9-069CE8006275}.Debug|Any CPU.ActiveCfg = Debug|Any CPU
		{CED66705-95F5-4908-A0C9-069CE8006275}.Debug|Any CPU.Build.0 = Debug|Any CPU
		{CED66705-95F5-4908-A0C9-069CE8006275}.Release|Any CPU.ActiveCfg = Release|Any CPU
		{CED66705-95F5-4908-A0C9-069CE8006275}.Release|Any CPU.Build.0 = Release|Any CPU
	EndGlobalSection
	GlobalSection(SolutionProperties) = preSolution
		HideSolutionNode = FALSE
	EndGlobalSection
	GlobalSection(ExtensibilityGlobals) = postSolution
		SolutionGuid = {59CF2F5D-F606-444A-9AEB-40EB4703FCBC}
	EndGlobalSection
EndGlobal
