
Microsoft Visual Studio Solution File, Format Version 12.00
# Visual Studio Version 17
VisualStudioVersion = 17.11.35327.3
MinimumVisualStudioVersion = 10.0.40219.1
Project("{FAE04EC0-301F-11D3-BF4B-00C04F79EFBC}") = "Senha", "Senha.csproj", "{C4BBE83B-EE26-449C-8C47-BB3AB3D6757A}"
EndProject
Global
	GlobalSection(SolutionConfigurationPlatforms) = preSolution
		Debug|Any CPU = Debug|Any CPU
		Release|Any CPU = Release|Any CPU
	EndGlobalSection
	GlobalSection(ProjectConfigurationPlatforms) = postSolution
		{C4BBE83B-EE26-449C-8C47-BB3AB3D6757A}.Debug|Any CPU.ActiveCfg = Debug|Any CPU
		{C4BBE83B-EE26-449C-8C47-BB3AB3D6757A}.Debug|Any CPU.Build.0 = Debug|Any CPU
		{C4BBE83B-EE26-449C-8C47-BB3AB3D6757A}.Release|Any CPU.ActiveCfg = Release|Any CPU
		{C4BBE83B-EE26-449C-8C47-BB3AB3D6757A}.Release|Any CPU.Build.0 = Release|Any CPU
	EndGlobalSection
	GlobalSection(SolutionProperties) = preSolution
		HideSolutionNode = FALSE
	EndGlobalSection
	GlobalSection(ExtensibilityGlobals) = postSolution
		SolutionGuid = {C4874C76-0DCD-4176-A729-E3B84D452998}
	EndGlobalSection
EndGlobal
