
Microsoft Visual Studio Solution File, Format Version 12.00
# Visual Studio Version 17
VisualStudioVersion = 17.11.35327.3
MinimumVisualStudioVersion = 10.0.40219.1
Project("{FAE04EC0-301F-11D3-BF4B-00C04F79EFBC}") = "Matrix Ex", "Matrix Ex.csproj", "{69E03B08-EFB5-4EB9-A637-B1CAF3D7C0A4}"
EndProject
Global
	GlobalSection(SolutionConfigurationPlatforms) = preSolution
		Debug|Any CPU = Debug|Any CPU
		Release|Any CPU = Release|Any CPU
	EndGlobalSection
	GlobalSection(ProjectConfigurationPlatforms) = postSolution
		{69E03B08-EFB5-4EB9-A637-B1CAF3D7C0A4}.Debug|Any CPU.ActiveCfg = Debug|Any CPU
		{69E03B08-EFB5-4EB9-A637-B1CAF3D7C0A4}.Debug|Any CPU.Build.0 = Debug|Any CPU
		{69E03B08-EFB5-4EB9-A637-B1CAF3D7C0A4}.Release|Any CPU.ActiveCfg = Release|Any CPU
		{69E03B08-EFB5-4EB9-A637-B1CAF3D7C0A4}.Release|Any CPU.Build.0 = Release|Any CPU
	EndGlobalSection
	GlobalSection(SolutionProperties) = preSolution
		HideSolutionNode = FALSE
	EndGlobalSection
	GlobalSection(ExtensibilityGlobals) = postSolution
		SolutionGuid = {533FC2A8-6CE5-4A0A-954F-C64D77C05CBC}
	EndGlobalSection
EndGlobal
