
Microsoft Visual Studio Solution File, Format Version 12.00
# Visual Studio Version 17
VisualStudioVersion = 17.11.35327.3
MinimumVisualStudioVersion = 10.0.40219.1
Project("{FAE04EC0-301F-11D3-BF4B-00C04F79EFBC}") = "EX026", "EX026.csproj", "{572FC3B8-4B62-4FE5-9267-DC327BCE1AED}"
EndProject
Global
	GlobalSection(SolutionConfigurationPlatforms) = preSolution
		Debug|Any CPU = Debug|Any CPU
		Release|Any CPU = Release|Any CPU
	EndGlobalSection
	GlobalSection(ProjectConfigurationPlatforms) = postSolution
		{572FC3B8-4B62-4FE5-9267-DC327BCE1AED}.Debug|Any CPU.ActiveCfg = Debug|Any CPU
		{572FC3B8-4B62-4FE5-9267-DC327BCE1AED}.Debug|Any CPU.Build.0 = Debug|Any CPU
		{572FC3B8-4B62-4FE5-9267-DC327BCE1AED}.Release|Any CPU.ActiveCfg = Release|Any CPU
		{572FC3B8-4B62-4FE5-9267-DC327BCE1AED}.Release|Any CPU.Build.0 = Release|Any CPU
	EndGlobalSection
	GlobalSection(SolutionProperties) = preSolution
		HideSolutionNode = FALSE
	EndGlobalSection
	GlobalSection(ExtensibilityGlobals) = postSolution
		SolutionGuid = {4A89A852-C0F9-4406-BB5F-0CC778438703}
	EndGlobalSection
EndGlobal
