
Microsoft Visual Studio Solution File, Format Version 12.00
# Visual Studio Version 17
VisualStudioVersion = 17.11.35327.3
MinimumVisualStudioVersion = 10.0.40219.1
Project("{FAE04EC0-301F-11D3-BF4B-00C04F79EFBC}") = "Contador", "Contador.csproj", "{FAE18FA6-B445-4835-AE7E-4EE00A96CB04}"
EndProject
Global
	GlobalSection(SolutionConfigurationPlatforms) = preSolution
		Debug|Any CPU = Debug|Any CPU
		Release|Any CPU = Release|Any CPU
	EndGlobalSection
	GlobalSection(ProjectConfigurationPlatforms) = postSolution
		{FAE18FA6-B445-4835-AE7E-4EE00A96CB04}.Debug|Any CPU.ActiveCfg = Debug|Any CPU
		{FAE18FA6-B445-4835-AE7E-4EE00A96CB04}.Debug|Any CPU.Build.0 = Debug|Any CPU
		{FAE18FA6-B445-4835-AE7E-4EE00A96CB04}.Release|Any CPU.ActiveCfg = Release|Any CPU
		{FAE18FA6-B445-4835-AE7E-4EE00A96CB04}.Release|Any CPU.Build.0 = Release|Any CPU
	EndGlobalSection
	GlobalSection(SolutionProperties) = preSolution
		HideSolutionNode = FALSE
	EndGlobalSection
	GlobalSection(ExtensibilityGlobals) = postSolution
		SolutionGuid = {DF6E541C-0D4A-47F7-A549-EC52CDF358A9}
	EndGlobalSection
EndGlobal
