
Microsoft Visual Studio Solution File, Format Version 12.00
# Visual Studio Version 17
VisualStudioVersion = 17.11.35327.3
MinimumVisualStudioVersion = 10.0.40219.1
Project("{FAE04EC0-301F-11D3-BF4B-00C04F79EFBC}") = "EX025", "EX025.csproj", "{61FD8BB1-4CF6-479F-9659-2B52048630F1}"
EndProject
Global
	GlobalSection(SolutionConfigurationPlatforms) = preSolution
		Debug|Any CPU = Debug|Any CPU
		Release|Any CPU = Release|Any CPU
	EndGlobalSection
	GlobalSection(ProjectConfigurationPlatforms) = postSolution
		{61FD8BB1-4CF6-479F-9659-2B52048630F1}.Debug|Any CPU.ActiveCfg = Debug|Any CPU
		{61FD8BB1-4CF6-479F-9659-2B52048630F1}.Debug|Any CPU.Build.0 = Debug|Any CPU
		{61FD8BB1-4CF6-479F-9659-2B52048630F1}.Release|Any CPU.ActiveCfg = Release|Any CPU
		{61FD8BB1-4CF6-479F-9659-2B52048630F1}.Release|Any CPU.Build.0 = Release|Any CPU
	EndGlobalSection
	GlobalSection(SolutionProperties) = preSolution
		HideSolutionNode = FALSE
	EndGlobalSection
	GlobalSection(ExtensibilityGlobals) = postSolution
		SolutionGuid = {C6D90DB8-CD80-435C-830A-01FB0DB458B1}
	EndGlobalSection
EndGlobal
